// !$*UTF8*$!
{
	archiveVersion = 1;
	classes = {
	};
	objectVersion = 77;
	objects = {

/* Begin PBXBuildFile section */
		2314C6972E280E620002F3A3 /* FirebaseFirestore in Frameworks */ = {isa = PBXBuildFile; productRef = 2314C6962E280E620002F3A3 /* FirebaseFirestore */; };
		2314C6992E280E620002F3A3 /* FirebaseFirestoreSwift in Frameworks */ = {isa = PBXBuildFile; productRef = 2314C6982E280E620002F3A3 /* FirebaseFirestoreSwift */; };
		B388367C676989F4EC1C1789 /* Pods_Ballog.framework in Frameworks */ = {isa = PBXBuildFile; fileRef = 1DBD740EAFB43BC251BB61D5 /* Pods_Ballog.framework */; };
/* End PBXBuildFile section */

/* Begin PBXContainerItemProxy section */
		235B0A562E1D68C000EF9DDD /* PBXContainerItemProxy */ = {
			isa = PBXContainerItemProxy;
			containerPortal = 235B0A3D2E1D68BF00EF9DDD /* Project object */;
			proxyType = 1;
			remoteGlobalIDString = 235B0A442E1D68BF00EF9DDD;
			remoteInfo = Ballog;
		};
		235B0A602E1D68C000EF9DDD /* PBXContainerItemProxy */ = {
			isa = PBXContainerItemProxy;
			containerPortal = 235B0A3D2E1D68BF00EF9DDD /* Project object */;
			proxyType = 1;
			remoteGlobalIDString = 235B0A442E1D68BF00EF9DDD;
			remoteInfo = Ballog;
		};
/* End PBXContainerItemProxy section */

/* Begin PBXFileReference section */
		03C264BB94942DDAFEFE1295 /* Pods-Ballog.debug.xcconfig */ = {isa = PBXFileReference; includeInIndex = 1; lastKnownFileType = text.xcconfig; name = "Pods-Ballog.debug.xcconfig"; path = "Target Support Files/Pods-Ballog/Pods-Ballog.debug.xcconfig"; sourceTree = "<group>"; };
		1DBD740EAFB43BC251BB61D5 /* Pods_Ballog.framework */ = {isa = PBXFileReference; explicitFileType = wrapper.framework; includeInIndex = 0; path = Pods_Ballog.framework; sourceTree = BUILT_PRODUCTS_DIR; };
		235B0A452E1D68BF00EF9DDD /* Ballog.app */ = {isa = PBXFileReference; explicitFileType = wrapper.application; includeInIndex = 0; path = Ballog.app; sourceTree = BUILT_PRODUCTS_DIR; };
		235B0A552E1D68C000EF9DDD /* BallogTests.xctest */ = {isa = PBXFileReference; explicitFileType = wrapper.cfbundle; includeInIndex = 0; path = BallogTests.xctest; sourceTree = BUILT_PRODUCTS_DIR; };
		235B0A5F2E1D68C000EF9DDD /* BallogUITests.xctest */ = {isa = PBXFileReference; explicitFileType = wrapper.cfbundle; includeInIndex = 0; path = BallogUITests.xctest; sourceTree = BUILT_PRODUCTS_DIR; };
		EBEF989E4EE7F5B726487027 /* Pods-Ballog.release.xcconfig */ = {isa = PBXFileReference; includeInIndex = 1; lastKnownFileType = text.xcconfig; name = "Pods-Ballog.release.xcconfig"; path = "Target Support Files/Pods-Ballog/Pods-Ballog.release.xcconfig"; sourceTree = "<group>"; };
	/* Ballog/Models */
	A1MODELS01 /* Account.swift */ = {isa = PBXFileReference; lastKnownFileType = sourcecode.swift; path = "Ballog/Models/Account.swift"; sourceTree = "<group>"; };
	A1MODELS02 /* AccountEntity.swift */ = {isa = PBXFileReference; lastKnownFileType = sourcecode.swift; path = "Ballog/Models/AccountEntity.swift"; sourceTree = "<group>"; };
	A1MODELS03 /* AttendanceStore.swift */ = {isa = PBXFileReference; lastKnownFileType = sourcecode.swift; path = "Ballog/Models/AttendanceStore.swift"; sourceTree = "<group>"; };
	A1MODELS04 /* CalendarNetworkService.swift */ = {isa = PBXFileReference; lastKnownFileType = sourcecode.swift; path = "Ballog/Models/CalendarNetworkService.swift"; sourceTree = "<group>"; };
	A1MODELS05 /* Item.swift */ = {isa = PBXFileReference; lastKnownFileType = sourcecode.swift; path = "Ballog/Models/Item.swift"; sourceTree = "<group>"; };
	A1MODELS06 /* MatchMatching.swift */ = {isa = PBXFileReference; lastKnownFileType = sourcecode.swift; path = "Ballog/Models/MatchMatching.swift"; sourceTree = "<group>"; };
	A1MODELS07 /* PersonalTrainingLog.swift */ = {isa = PBXFileReference; lastKnownFileType = sourcecode.swift; path = "Ballog/Models/PersonalTrainingLog.swift"; sourceTree = "<group>"; };
	A1MODELS08 /* ProfileCard.swift */ = {isa = PBXFileReference; lastKnownFileType = sourcecode.swift; path = "Ballog/Models/ProfileCard.swift"; sourceTree = "<group>"; };
	A1MODELS09 /* SkillProgressModel.swift */ = {isa = PBXFileReference; lastKnownFileType = sourcecode.swift; path = "Ballog/Models/SkillProgressModel.swift"; sourceTree = "<group>"; };
	A1MODELS10 /* Team.swift */ = {isa = PBXFileReference; lastKnownFileType = sourcecode.swift; path = "Ballog/Models/Team.swift"; sourceTree = "<group>"; };
	A1MODELS11 /* TeamEvent.swift */ = {isa = PBXFileReference; lastKnownFileType = sourcecode.swift; path = "Ballog/Models/TeamEvent.swift"; sourceTree = "<group>"; };
	A1MODELS12 /* TeamEventStore.swift */ = {isa = PBXFileReference; lastKnownFileType = sourcecode.swift; path = "Ballog/Models/TeamEventStore.swift"; sourceTree = "<group>"; };
	A1MODELS13 /* TeamGoal.swift */ = {isa = PBXFileReference; lastKnownFileType = sourcecode.swift; path = "Ballog/Models/TeamGoal.swift"; sourceTree = "<group>"; };
	A1MODELS14 /* TeamJoinRequest.swift */ = {isa = PBXFileReference; lastKnownFileType = sourcecode.swift; path = "Ballog/Models/TeamJoinRequest.swift"; sourceTree = "<group>"; };
	A1MODELS15 /* TeamStore.swift */ = {isa = PBXFileReference; lastKnownFileType = sourcecode.swift; path = "Ballog/Models/TeamStore.swift"; sourceTree = "<group>"; };
	A1MODELS16 /* TeamTactic.swift */ = {isa = PBXFileReference; lastKnownFileType = sourcecode.swift; path = "Ballog/Models/TeamTactic.swift"; sourceTree = "<group>"; };
	A1MODELS17 /* TeamTacticStore.swift */ = {isa = PBXFileReference; lastKnownFileType = sourcecode.swift; path = "Ballog/Models/TeamTacticStore.swift"; sourceTree = "<group>"; };
	A1MODELS18 /* TeamTrainingLog.swift */ = {isa = PBXFileReference; lastKnownFileType = sourcecode.swift; path = "Ballog/Models/TeamTrainingLog.swift"; sourceTree = "<group>"; };
	A1MODELS19 /* TeamTrainingLogStore.swift */ = {isa = PBXFileReference; lastKnownFileType = sourcecode.swift; path = "Ballog/Models/TeamTrainingLogStore.swift"; sourceTree = "<group>"; };
	A1MODELS20 /* WeatherService.swift */ = {isa = PBXFileReference; lastKnownFileType = sourcecode.swift; path = "Ballog/Models/WeatherService.swift"; sourceTree = "<group>"; };
	/* Ballog/Views */
	A1VIEWS01 /* ContentView.swift */ = {isa = PBXFileReference; lastKnownFileType = sourcecode.swift; path = "Ballog/Views/ContentView.swift"; sourceTree = "<group>"; };
	A1VIEWS02 /* LoginView.swift */ = {isa = PBXFileReference; lastKnownFileType = sourcecode.swift; path = "Ballog/Views/LoginView.swift"; sourceTree = "<group>"; };
	A1VIEWS03 /* ProfileCardCreationView.swift */ = {isa = PBXFileReference; lastKnownFileType = sourcecode.swift; path = "Ballog/Views/ProfileCardCreationView.swift"; sourceTree = "<group>"; };
/* End PBXFileReference section */

/* Begin PBXFileSystemSynchronizedBuildFileExceptionSet section */
		2386E5732E25309700183DBB /* Exceptions for "Ballog" folder in "Ballog" target */ = {
			isa = PBXFileSystemSynchronizedBuildFileExceptionSet;
			membershipExceptions = (
				Info.plist,
			);
			target = 235B0A442E1D68BF00EF9DDD /* Ballog */;
		};
/* End PBXFileSystemSynchronizedBuildFileExceptionSet section */

/* Begin PBXFileSystemSynchronizedRootGroup section */
		235B0A472E1D68BF00EF9DDD /* Ballog */ = {
			isa = PBXFileSystemSynchronizedRootGroup;
			exceptions = (
				2386E5732E25309700183DBB /* Exceptions for "Ballog" folder in "Ballog" target */,
			);
			path = Ballog;
			sourceTree = "<group>";
		};
		235B0A582E1D68C000EF9DDD /* BallogTests */ = {
			isa = PBXFileSystemSynchronizedRootGroup;
			path = BallogTests;
			sourceTree = "<group>";
		};
		235B0A622E1D68C000EF9DDD /* BallogUITests */ = {
			isa = PBXFileSystemSynchronizedRootGroup;
			path = BallogUITests;
			sourceTree = "<group>";
		};
/* End PBXFileSystemSynchronizedRootGroup section */

/* Begin PBXFrameworksBuildPhase section */
		235B0A422E1D68BF00EF9DDD /* Frameworks */ = {
			isa = PBXFrameworksBuildPhase;
			buildActionMask = 2147483647;
			files = (
				B388367C676989F4EC1C1789 /* Pods_Ballog.framework in Frameworks */,
				2314C6972E280E620002F3A3 /* FirebaseFirestore in Frameworks */,
				2314C6992E280E620002F3A3 /* FirebaseFirestoreSwift in Frameworks */,
			);
			runOnlyForDeploymentPostprocessing = 0;
		};
		235B0A522E1D68C000EF9DDD /* Frameworks */ = {
			isa = PBXFrameworksBuildPhase;
			buildActionMask = 2147483647;
			files = (
			);
			runOnlyForDeploymentPostprocessing = 0;
		};
		235B0A5C2E1D68C000EF9DDD /* Frameworks */ = {
			isa = PBXFrameworksBuildPhase;
			buildActionMask = 2147483647;
			files = (
			);
			runOnlyForDeploymentPostprocessing = 0;
		};
/* End PBXFrameworksBuildPhase section */

/* Begin PBXGroup section */
		235B0A3C2E1D68BF00EF9DDD = {
			isa = PBXGroup;
			children = (
				235B0A472E1D68BF00EF9DDD /* Ballog */,
				235B0A582E1D68C000EF9DDD /* BallogTests */,
				235B0A622E1D68C000EF9DDD /* BallogUITests */,
				235B0A462E1D68BF00EF9DDD /* Products */,
				B45638C7EA769510E3491CD9 /* Pods */,
				398BAEDFB353B60A621371C1 /* Frameworks */,
			);
			sourceTree = "<group>";
		};
		235B0A462E1D68BF00EF9DDD /* Products */ = {
			isa = PBXGroup;
			children = (
				235B0A452E1D68BF00EF9DDD /* Ballog.app */,
				235B0A552E1D68C000EF9DDD /* BallogTests.xctest */,
				235B0A5F2E1D68C000EF9DDD /* BallogUITests.xctest */,
			);
			name = Products;
			sourceTree = "<group>";
		};
		398BAEDFB353B60A621371C1 /* Frameworks */ = {
			isa = PBXGroup;
			children = (
				1DBD740EAFB43BC251BB61D5 /* Pods_Ballog.framework */,
			);
			name = Frameworks;
			sourceTree = "<group>";
		};
		B45638C7EA769510E3491CD9 /* Pods */ = {
			isa = PBXGroup;
			children = (
				03C264BB94942DDAFEFE1295 /* Pods-Ballog.debug.xcconfig */,
				EBEF989E4EE7F5B726487027 /* Pods-Ballog.release.xcconfig */,
			);
			path = Pods;
			sourceTree = "<group>";
		};
/* End PBXGroup section */

/* Begin PBXNativeTarget section */
		235B0A442E1D68BF00EF9DDD /* Ballog */ = {
			isa = PBXNativeTarget;
			buildConfigurationList = 235B0A692E1D68C000EF9DDD /* Build configuration list for PBXNativeTarget "Ballog" */;
			buildPhases = (
				A26A8BBA5A8E23CA0F65042C /* [CP] Check Pods Manifest.lock */,
				235B0A412E1D68BF00EF9DDD /* Sources */,
				235B0A422E1D68BF00EF9DDD /* Frameworks */,
				235B0A432E1D68BF00EF9DDD /* Resources */,
				2A486E08ADDC5DEC84C15929 /* [CP] Embed Pods Frameworks */,
			);
			buildRules = (
			);
			dependencies = (
			);
			fileSystemSynchronizedGroups = (
				235B0A472E1D68BF00EF9DDD /* Ballog */,
			);
			name = Ballog;
			productName = Ballog;
			productReference = 235B0A452E1D68BF00EF9DDD /* Ballog.app */;
			productType = "com.apple.product-type.application";
		};
		235B0A542E1D68C000EF9DDD /* BallogTests */ = {
			isa = PBXNativeTarget;
			buildConfigurationList = 235B0A6C2E1D68C000EF9DDD /* Build configuration list for PBXNativeTarget "BallogTests" */;
			buildPhases = (
				235B0A512E1D68C000EF9DDD /* Sources */,
				235B0A522E1D68C000EF9DDD /* Frameworks */,
				235B0A532E1D68C000EF9DDD /* Resources */,
			);
			buildRules = (
			);
			dependencies = (
				235B0A572E1D68C000EF9DDD /* PBXTargetDependency */,
			);
			fileSystemSynchronizedGroups = (
				235B0A582E1D68C000EF9DDD /* BallogTests */,
			);
			name = BallogTests;
			productName = BallogTests;
			productReference = 235B0A552E1D68C000EF9DDD /* BallogTests.xctest */;
			productType = "com.apple.product-type.bundle.unit-test";
		};
		235B0A5E2E1D68C000EF9DDD /* BallogUITests */ = {
			isa = PBXNativeTarget;
			buildConfigurationList = 235B0A6F2E1D68C000EF9DDD /* Build configuration list for PBXNativeTarget "BallogUITests" */;
			buildPhases = (
				235B0A5B2E1D68C000EF9DDD /* Sources */,
				235B0A5C2E1D68C000EF9DDD /* Frameworks */,
				235B0A5D2E1D68C000EF9DDD /* Resources */,
			);
			buildRules = (
			);
			dependencies = (
				235B0A612E1D68C000EF9DDD /* PBXTargetDependency */,
			);
			fileSystemSynchronizedGroups = (
				235B0A622E1D68C000EF9DDD /* BallogUITests */,
			);
			name = BallogUITests;
			productName = BallogUITests;
			productReference = 235B0A5F2E1D68C000EF9DDD /* BallogUITests.xctest */;
			productType = "com.apple.product-type.bundle.ui-testing";
		};
/* End PBXNativeTarget section */

/* Begin PBXProject section */
		235B0A3D2E1D68BF00EF9DDD /* Project object */ = {
			isa = PBXProject;
			attributes = {
				BuildIndependentTargetsInParallel = 1;
				LastSwiftUpdateCheck = 1640;
				LastUpgradeCheck = 1640;
				TargetAttributes = {
					235B0A442E1D68BF00EF9DDD = {
						CreatedOnToolsVersion = 16.4;
					};
					235B0A542E1D68C000EF9DDD = {
						CreatedOnToolsVersion = 16.4;
						TestTargetID = 235B0A442E1D68BF00EF9DDD;
					};
					235B0A5E2E1D68C000EF9DDD = {
						CreatedOnToolsVersion = 16.4;
						TestTargetID = 235B0A442E1D68BF00EF9DDD;
					};
				};
			};
			buildConfigurationList = 235B0A402E1D68BF00EF9DDD /* Build configuration list for PBXProject "Ballog" */;
			developmentRegion = en;
			hasScannedForEncodings = 0;
			knownRegions = (
				en,
				Base,
			);
			mainGroup = 235B0A3C2E1D68BF00EF9DDD;
			minimizedProjectReferenceProxies = 1;
                       packageReferences = (
                       );
			preferredProjectObjectVersion = 77;
			productRefGroup = 235B0A462E1D68BF00EF9DDD /* Products */;
			projectDirPath = "";
			projectRoot = "";
			targets = (
				235B0A442E1D68BF00EF9DDD /* Ballog */,
				235B0A542E1D68C000EF9DDD /* BallogTests */,
				235B0A5E2E1D68C000EF9DDD /* BallogUITests */,
			);
		};
/* End PBXProject section */

/* Begin PBXResourcesBuildPhase section */
		235B0A432E1D68BF00EF9DDD /* Resources */ = {
			isa = PBXResourcesBuildPhase;
			buildActionMask = 2147483647;
			files = (
			);
			runOnlyForDeploymentPostprocessing = 0;
		};
		235B0A532E1D68C000EF9DDD /* Resources */ = {
			isa = PBXResourcesBuildPhase;
			buildActionMask = 2147483647;
			files = (
			);
			runOnlyForDeploymentPostprocessing = 0;
		};
		235B0A5D2E1D68C000EF9DDD /* Resources */ = {
			isa = PBXResourcesBuildPhase;
			buildActionMask = 2147483647;
			files = (
			);
			runOnlyForDeploymentPostprocessing = 0;
		};
/* End PBXResourcesBuildPhase section */

/* Begin PBXShellScriptBuildPhase section */
		2A486E08ADDC5DEC84C15929 /* [CP] Embed Pods Frameworks */ = {
			isa = PBXShellScriptBuildPhase;
			buildActionMask = 2147483647;
			files = (
			);
			inputFileListPaths = (
				"${PODS_ROOT}/Target Support Files/Pods-Ballog/Pods-Ballog-frameworks-${CONFIGURATION}-input-files.xcfilelist",
			);
			inputPaths = (
			);
			name = "[CP] Embed Pods Frameworks";
			outputFileListPaths = (
				"${PODS_ROOT}/Target Support Files/Pods-Ballog/Pods-Ballog-frameworks-${CONFIGURATION}-output-files.xcfilelist",
			);
			outputPaths = (
			);
			runOnlyForDeploymentPostprocessing = 0;
			shellPath = /bin/sh;
			shellScript = "\"${PODS_ROOT}/Target Support Files/Pods-Ballog/Pods-Ballog-frameworks.sh\"\n";
			showEnvVarsInLog = 0;
		};
		A26A8BBA5A8E23CA0F65042C /* [CP] Check Pods Manifest.lock */ = {
			isa = PBXShellScriptBuildPhase;
			buildActionMask = 2147483647;
			files = (
			);
			inputFileListPaths = (
			);
			inputPaths = (
				"${PODS_PODFILE_DIR_PATH}/Podfile.lock",
				"${PODS_ROOT}/Manifest.lock",
			);
			name = "[CP] Check Pods Manifest.lock";
			outputFileListPaths = (
			);
			outputPaths = (
				"$(DERIVED_FILE_DIR)/Pods-Ballog-checkManifestLockResult.txt",
			);
			runOnlyForDeploymentPostprocessing = 0;
			shellPath = /bin/sh;
			shellScript = "diff \"${PODS_PODFILE_DIR_PATH}/Podfile.lock\" \"${PODS_ROOT}/Manifest.lock\" > /dev/null\nif [ $? != 0 ] ; then\n    # print error to STDERR\n    echo \"error: The sandbox is not in sync with the Podfile.lock. Run 'pod install' or update your CocoaPods installation.\" >&2\n    exit 1\nfi\n# This output is used by Xcode 'outputs' to avoid re-running this script phase.\necho \"SUCCESS\" > \"${SCRIPT_OUTPUT_FILE_0}\"\n";
			showEnvVarsInLog = 0;
		};
/* End PBXShellScriptBuildPhase section */

/* Begin PBXSourcesBuildPhase section */
		235B0A412E1D68BF00EF9DDD /* Sources */ = {
			isa = PBXSourcesBuildPhase;
			buildActionMask = 2147483647;
			files = (
				A1MODELS01 /* Account.swift in Sources */,
				A1MODELS02 /* AccountEntity.swift in Sources */,
				A1MODELS03 /* AttendanceStore.swift in Sources */,
				A1MODELS04 /* CalendarNetworkService.swift in Sources */,
				A1MODELS05 /* Item.swift in Sources */,
				A1MODELS06 /* MatchMatching.swift in Sources */,
				A1MODELS07 /* PersonalTrainingLog.swift in Sources */,
				A1MODELS08 /* ProfileCard.swift in Sources */,
				A1MODELS09 /* SkillProgressModel.swift in Sources */,
				A1MODELS10 /* Team.swift in Sources */,
				A1MODELS11 /* TeamEvent.swift in Sources */,
				A1MODELS12 /* TeamEventStore.swift in Sources */,
				A1MODELS13 /* TeamGoal.swift in Sources */,
				A1MODELS14 /* TeamJoinRequest.swift in Sources */,
				A1MODELS15 /* TeamStore.swift in Sources */,
				A1MODELS16 /* TeamTactic.swift in Sources */,
				A1MODELS17 /* TeamTacticStore.swift in Sources */,
				A1MODELS18 /* TeamTrainingLog.swift in Sources */,
				A1MODELS19 /* TeamTrainingLogStore.swift in Sources */,
				A1MODELS20 /* WeatherService.swift in Sources */,
			);
			runOnlyForDeploymentPostprocessing = 0;
		};
		235B0A512E1D68C000EF9DDD /* Sources */ = {
			isa = PBXSourcesBuildPhase;
			buildActionMask = 2147483647;
			files = (
			);
			runOnlyForDeploymentPostprocessing = 0;
		};
		235B0A5B2E1D68C000EF9DDD /* Sources */ = {
			isa = PBXSourcesBuildPhase;
			buildActionMask = 2147483647;
			files = (
			);
			runOnlyForDeploymentPostprocessing = 0;
		};
/* End PBXSourcesBuildPhase section */

/* Begin PBXTargetDependency section */
		235B0A572E1D68C000EF9DDD /* PBXTargetDependency */ = {
			isa = PBXTargetDependency;
			target = 235B0A442E1D68BF00EF9DDD /* Ballog */;
			targetProxy = 235B0A562E1D68C000EF9DDD /* PBXContainerItemProxy */;
		};
		235B0A612E1D68C000EF9DDD /* PBXTargetDependency */ = {
			isa = PBXTargetDependency;
			target = 235B0A442E1D68BF00EF9DDD /* Ballog */;
			targetProxy = 235B0A602E1D68C000EF9DDD /* PBXContainerItemProxy */;
		};
/* End PBXTargetDependency section */

/* Begin XCBuildConfiguration section */
		235B0A672E1D68C000EF9DDD /* Debug */ = {
			isa = XCBuildConfiguration;
			buildSettings = {
				ALWAYS_SEARCH_USER_PATHS = NO;
				ASSETCATALOG_COMPILER_GENERATE_SWIFT_ASSET_SYMBOL_EXTENSIONS = YES;
				CLANG_ANALYZER_NONNULL = YES;
				CLANG_ANALYZER_NUMBER_OBJECT_CONVERSION = YES_AGGRESSIVE;
				CLANG_CXX_LANGUAGE_STANDARD = "gnu++20";
				CLANG_ENABLE_MODULES = YES;
				CLANG_ENABLE_OBJC_ARC = YES;
				CLANG_ENABLE_OBJC_WEAK = YES;
				CLANG_WARN_BLOCK_CAPTURE_AUTORELEASING = YES;
				CLANG_WARN_BOOL_CONVERSION = YES;
				CLANG_WARN_COMMA = YES;
				CLANG_WARN_CONSTANT_CONVERSION = YES;
				CLANG_WARN_DEPRECATED_OBJC_IMPLEMENTATIONS = YES;
				CLANG_WARN_DIRECT_OBJC_ISA_USAGE = YES_ERROR;
				CLANG_WARN_DOCUMENTATION_COMMENTS = YES;
				CLANG_WARN_EMPTY_BODY = YES;
				CLANG_WARN_ENUM_CONVERSION = YES;
				CLANG_WARN_INFINITE_RECURSION = YES;
				CLANG_WARN_INT_CONVERSION = YES;
				CLANG_WARN_NON_LITERAL_NULL_CONVERSION = YES;
				CLANG_WARN_OBJC_IMPLICIT_RETAIN_SELF = YES;
				CLANG_WARN_OBJC_LITERAL_CONVERSION = YES;
				CLANG_WARN_OBJC_ROOT_CLASS = YES_ERROR;
				CLANG_WARN_QUOTED_INCLUDE_IN_FRAMEWORK_HEADER = YES;
				CLANG_WARN_RANGE_LOOP_ANALYSIS = YES;
				CLANG_WARN_STRICT_PROTOTYPES = YES;
				CLANG_WARN_SUSPICIOUS_MOVE = YES;
				CLANG_WARN_UNGUARDED_AVAILABILITY = YES_AGGRESSIVE;
				CLANG_WARN_UNREACHABLE_CODE = YES;
				CLANG_WARN__DUPLICATE_METHOD_MATCH = YES;
				COPY_PHASE_STRIP = NO;
				DEAD_CODE_STRIPPING = YES;
				DEBUG_INFORMATION_FORMAT = dwarf;
				ENABLE_STRICT_OBJC_MSGSEND = YES;
				ENABLE_TESTABILITY = YES;
				ENABLE_USER_SCRIPT_SANDBOXING = YES;
				GCC_C_LANGUAGE_STANDARD = gnu17;
				GCC_DYNAMIC_NO_PIC = NO;
				GCC_NO_COMMON_BLOCKS = YES;
				GCC_OPTIMIZATION_LEVEL = 0;
				GCC_PREPROCESSOR_DEFINITIONS = (
					"DEBUG=1",
					"$(inherited)",
				);
				GCC_WARN_64_TO_32_BIT_CONVERSION = YES;
				GCC_WARN_ABOUT_RETURN_TYPE = YES_ERROR;
				GCC_WARN_UNDECLARED_SELECTOR = YES;
				GCC_WARN_UNINITIALIZED_AUTOS = YES_AGGRESSIVE;
				GCC_WARN_UNUSED_FUNCTION = YES;
				GCC_WARN_UNUSED_VARIABLE = YES;
				LOCALIZATION_PREFERS_STRING_CATALOGS = YES;
				MTL_ENABLE_DEBUG_INFO = INCLUDE_SOURCE;
				MTL_FAST_MATH = YES;
				ONLY_ACTIVE_ARCH = YES;
				SWIFT_ACTIVE_COMPILATION_CONDITIONS = "DEBUG $(inherited)";
				SWIFT_OPTIMIZATION_LEVEL = "-Onone";
			};
			name = Debug;
		};
		235B0A682E1D68C000EF9DDD /* Release */ = {
			isa = XCBuildConfiguration;
			buildSettings = {
				ALWAYS_SEARCH_USER_PATHS = NO;
				ASSETCATALOG_COMPILER_GENERATE_SWIFT_ASSET_SYMBOL_EXTENSIONS = YES;
				CLANG_ANALYZER_NONNULL = YES;
				CLANG_ANALYZER_NUMBER_OBJECT_CONVERSION = YES_AGGRESSIVE;
				CLANG_CXX_LANGUAGE_STANDARD = "gnu++20";
				CLANG_ENABLE_MODULES = YES;
				CLANG_ENABLE_OBJC_ARC = YES;
				CLANG_ENABLE_OBJC_WEAK = YES;
				CLANG_WARN_BLOCK_CAPTURE_AUTORELEASING = YES;
				CLANG_WARN_BOOL_CONVERSION = YES;
				CLANG_WARN_COMMA = YES;
				CLANG_WARN_CONSTANT_CONVERSION = YES;
				CLANG_WARN_DEPRECATED_OBJC_IMPLEMENTATIONS = YES;
				CLANG_WARN_DIRECT_OBJC_ISA_USAGE = YES_ERROR;
				CLANG_WARN_DOCUMENTATION_COMMENTS = YES;
				CLANG_WARN_EMPTY_BODY = YES;
				CLANG_WARN_ENUM_CONVERSION = YES;
				CLANG_WARN_INFINITE_RECURSION = YES;
				CLANG_WARN_INT_CONVERSION = YES;
				CLANG_WARN_NON_LITERAL_NULL_CONVERSION = YES;
				CLANG_WARN_OBJC_IMPLICIT_RETAIN_SELF = YES;
				CLANG_WARN_OBJC_LITERAL_CONVERSION = YES;
				CLANG_WARN_OBJC_ROOT_CLASS = YES_ERROR;
				CLANG_WARN_QUOTED_INCLUDE_IN_FRAMEWORK_HEADER = YES;
				CLANG_WARN_RANGE_LOOP_ANALYSIS = YES;
				CLANG_WARN_STRICT_PROTOTYPES = YES;
				CLANG_WARN_SUSPICIOUS_MOVE = YES;
				CLANG_WARN_UNGUARDED_AVAILABILITY = YES_AGGRESSIVE;
				CLANG_WARN_UNREACHABLE_CODE = YES;
				CLANG_WARN__DUPLICATE_METHOD_MATCH = YES;
				COPY_PHASE_STRIP = NO;
				DEAD_CODE_STRIPPING = YES;
				DEBUG_INFORMATION_FORMAT = "dwarf-with-dsym";
				ENABLE_NS_ASSERTIONS = NO;
				ENABLE_STRICT_OBJC_MSGSEND = YES;
				ENABLE_USER_SCRIPT_SANDBOXING = YES;
				GCC_C_LANGUAGE_STANDARD = gnu17;
				GCC_NO_COMMON_BLOCKS = YES;
				GCC_WARN_64_TO_32_BIT_CONVERSION = YES;
				GCC_WARN_ABOUT_RETURN_TYPE = YES_ERROR;
				GCC_WARN_UNDECLARED_SELECTOR = YES;
				GCC_WARN_UNINITIALIZED_AUTOS = YES_AGGRESSIVE;
				GCC_WARN_UNUSED_FUNCTION = YES;
				GCC_WARN_UNUSED_VARIABLE = YES;
				LOCALIZATION_PREFERS_STRING_CATALOGS = YES;
				MTL_ENABLE_DEBUG_INFO = NO;
				MTL_FAST_MATH = YES;
				SWIFT_COMPILATION_MODE = wholemodule;
			};
			name = Release;
		};
		235B0A6A2E1D68C000EF9DDD /* Debug */ = {
			isa = XCBuildConfiguration;
			baseConfigurationReference = 03C264BB94942DDAFEFE1295 /* Pods-Ballog.debug.xcconfig */;
			buildSettings = {
				ASSETCATALOG_COMPILER_APPICON_NAME = "AppIcon 1";
				ASSETCATALOG_COMPILER_GLOBAL_ACCENT_COLOR_NAME = AccentColor;
				CODE_SIGN_ENTITLEMENTS = Ballog/Ballog.entitlements;
				CODE_SIGN_STYLE = Automatic;
				CURRENT_PROJECT_VERSION = 1;
				DEAD_CODE_STRIPPING = YES;
				DEVELOPMENT_TEAM = 746C3GC899;
				ENABLE_PREVIEWS = YES;
				GENERATE_INFOPLIST_FILE = YES;
				INFOPLIST_FILE = Ballog/Info.plist;
				"INFOPLIST_KEY_UIApplicationSceneManifest_Generation[sdk=iphoneos*]" = YES;
				"INFOPLIST_KEY_UIApplicationSceneManifest_Generation[sdk=iphonesimulator*]" = YES;
				"INFOPLIST_KEY_UIApplicationSupportsIndirectInputEvents[sdk=iphoneos*]" = YES;
				"INFOPLIST_KEY_UIApplicationSupportsIndirectInputEvents[sdk=iphonesimulator*]" = YES;
				"INFOPLIST_KEY_UILaunchScreen_Generation[sdk=iphoneos*]" = YES;
				"INFOPLIST_KEY_UILaunchScreen_Generation[sdk=iphonesimulator*]" = YES;
				"INFOPLIST_KEY_UIStatusBarStyle[sdk=iphoneos*]" = UIStatusBarStyleDefault;
				"INFOPLIST_KEY_UIStatusBarStyle[sdk=iphonesimulator*]" = UIStatusBarStyleDefault;
				INFOPLIST_KEY_UISupportedInterfaceOrientations_iPad = "UIInterfaceOrientationPortrait UIInterfaceOrientationPortraitUpsideDown UIInterfaceOrientationLandscapeLeft UIInterfaceOrientationLandscapeRight";
				INFOPLIST_KEY_UISupportedInterfaceOrientations_iPhone = "UIInterfaceOrientationPortrait UIInterfaceOrientationLandscapeLeft UIInterfaceOrientationLandscapeRight";
				IPHONEOS_DEPLOYMENT_TARGET = 18.5;
				LD_RUNPATH_SEARCH_PATHS = "@executable_path/Frameworks";
				"LD_RUNPATH_SEARCH_PATHS[sdk=macosx*]" = "@executable_path/../Frameworks";
				MACOSX_DEPLOYMENT_TARGET = 14.0;
				MARKETING_VERSION = 1.0;
				PRODUCT_BUNDLE_IDENTIFIER = com.ballog.Ballog;
				PRODUCT_NAME = "$(TARGET_NAME)";
				REGISTER_APP_GROUPS = YES;
				SDKROOT = auto;
				SUPPORTED_PLATFORMS = "iphoneos iphonesimulator macosx xros xrsimulator";
				SWIFT_EMIT_LOC_STRINGS = YES;
				SWIFT_VERSION = 5.0;
				TARGETED_DEVICE_FAMILY = "1,2,7";
				XROS_DEPLOYMENT_TARGET = 2.5;
			};
			name = Debug;
		};
		235B0A6B2E1D68C000EF9DDD /* Release */ = {
			isa = XCBuildConfiguration;
			baseConfigurationReference = EBEF989E4EE7F5B726487027 /* Pods-Ballog.release.xcconfig */;
			buildSettings = {
				ASSETCATALOG_COMPILER_APPICON_NAME = "AppIcon 1";
				ASSETCATALOG_COMPILER_GLOBAL_ACCENT_COLOR_NAME = AccentColor;
				CODE_SIGN_ENTITLEMENTS = Ballog/Ballog.entitlements;
				CODE_SIGN_STYLE = Automatic;
				CURRENT_PROJECT_VERSION = 1;
				DEAD_CODE_STRIPPING = YES;
				DEVELOPMENT_TEAM = 746C3GC899;
				ENABLE_PREVIEWS = YES;
				GENERATE_INFOPLIST_FILE = YES;
				INFOPLIST_FILE = Ballog/Info.plist;
				"INFOPLIST_KEY_UIApplicationSceneManifest_Generation[sdk=iphoneos*]" = YES;
				"INFOPLIST_KEY_UIApplicationSceneManifest_Generation[sdk=iphonesimulator*]" = YES;
				"INFOPLIST_KEY_UIApplicationSupportsIndirectInputEvents[sdk=iphoneos*]" = YES;
				"INFOPLIST_KEY_UIApplicationSupportsIndirectInputEvents[sdk=iphonesimulator*]" = YES;
				"INFOPLIST_KEY_UILaunchScreen_Generation[sdk=iphoneos*]" = YES;
				"INFOPLIST_KEY_UILaunchScreen_Generation[sdk=iphonesimulator*]" = YES;
				"INFOPLIST_KEY_UIStatusBarStyle[sdk=iphoneos*]" = UIStatusBarStyleDefault;
				"INFOPLIST_KEY_UIStatusBarStyle[sdk=iphonesimulator*]" = UIStatusBarStyleDefault;
				INFOPLIST_KEY_UISupportedInterfaceOrientations_iPad = "UIInterfaceOrientationPortrait UIInterfaceOrientationPortraitUpsideDown UIInterfaceOrientationLandscapeLeft UIInterfaceOrientationLandscapeRight";
				INFOPLIST_KEY_UISupportedInterfaceOrientations_iPhone = "UIInterfaceOrientationPortrait UIInterfaceOrientationLandscapeLeft UIInterfaceOrientationLandscapeRight";
				IPHONEOS_DEPLOYMENT_TARGET = 18.5;
				LD_RUNPATH_SEARCH_PATHS = "@executable_path/Frameworks";
				"LD_RUNPATH_SEARCH_PATHS[sdk=macosx*]" = "@executable_path/../Frameworks";
				MACOSX_DEPLOYMENT_TARGET = 14.0;
				MARKETING_VERSION = 1.0;
				PRODUCT_BUNDLE_IDENTIFIER = com.ballog.Ballog;
				PRODUCT_NAME = "$(TARGET_NAME)";
				REGISTER_APP_GROUPS = YES;
				SDKROOT = auto;
				SUPPORTED_PLATFORMS = "iphoneos iphonesimulator macosx xros xrsimulator";
				SWIFT_EMIT_LOC_STRINGS = YES;
				SWIFT_VERSION = 5.0;
				TARGETED_DEVICE_FAMILY = "1,2,7";
				XROS_DEPLOYMENT_TARGET = 2.5;
			};
			name = Release;
		};
		235B0A6D2E1D68C000EF9DDD /* Debug */ = {
			isa = XCBuildConfiguration;
			buildSettings = {
				BUNDLE_LOADER = "$(TEST_HOST)";
				CODE_SIGN_STYLE = Automatic;
				CURRENT_PROJECT_VERSION = 1;
				DEAD_CODE_STRIPPING = YES;
				GENERATE_INFOPLIST_FILE = YES;
				IPHONEOS_DEPLOYMENT_TARGET = 18.5;
				MACOSX_DEPLOYMENT_TARGET = 15.5;
				MARKETING_VERSION = 1.0;
				PRODUCT_BUNDLE_IDENTIFIER = com.ballog.BallogTests;
				PRODUCT_NAME = "$(TARGET_NAME)";
				SDKROOT = auto;
				SUPPORTED_PLATFORMS = "iphoneos iphonesimulator macosx xros xrsimulator";
				SWIFT_EMIT_LOC_STRINGS = NO;
				SWIFT_VERSION = 5.0;
				TARGETED_DEVICE_FAMILY = "1,2,7";
				TEST_HOST = "$(BUILT_PRODUCTS_DIR)/Ballog.app/$(BUNDLE_EXECUTABLE_FOLDER_PATH)/Ballog";
				XROS_DEPLOYMENT_TARGET = 2.5;
			};
			name = Debug;
		};
		235B0A6E2E1D68C000EF9DDD /* Release */ = {
			isa = XCBuildConfiguration;
			buildSettings = {
				BUNDLE_LOADER = "$(TEST_HOST)";
				CODE_SIGN_STYLE = Automatic;
				CURRENT_PROJECT_VERSION = 1;
				DEAD_CODE_STRIPPING = YES;
				GENERATE_INFOPLIST_FILE = YES;
				IPHONEOS_DEPLOYMENT_TARGET = 18.5;
				MACOSX_DEPLOYMENT_TARGET = 15.5;
				MARKETING_VERSION = 1.0;
				PRODUCT_BUNDLE_IDENTIFIER = com.ballog.BallogTests;
				PRODUCT_NAME = "$(TARGET_NAME)";
				SDKROOT = auto;
				SUPPORTED_PLATFORMS = "iphoneos iphonesimulator macosx xros xrsimulator";
				SWIFT_EMIT_LOC_STRINGS = NO;
				SWIFT_VERSION = 5.0;
				TARGETED_DEVICE_FAMILY = "1,2,7";
				TEST_HOST = "$(BUILT_PRODUCTS_DIR)/Ballog.app/$(BUNDLE_EXECUTABLE_FOLDER_PATH)/Ballog";
				XROS_DEPLOYMENT_TARGET = 2.5;
			};
			name = Release;
		};
		235B0A702E1D68C000EF9DDD /* Debug */ = {
			isa = XCBuildConfiguration;
			buildSettings = {
				CODE_SIGN_STYLE = Automatic;
				CURRENT_PROJECT_VERSION = 1;
				DEAD_CODE_STRIPPING = YES;
				GENERATE_INFOPLIST_FILE = YES;
				IPHONEOS_DEPLOYMENT_TARGET = 18.5;
				MACOSX_DEPLOYMENT_TARGET = 15.5;
				MARKETING_VERSION = 1.0;
				PRODUCT_BUNDLE_IDENTIFIER = com.ballog.BallogUITests;
				PRODUCT_NAME = "$(TARGET_NAME)";
				SDKROOT = auto;
				SUPPORTED_PLATFORMS = "iphoneos iphonesimulator macosx xros xrsimulator";
				SWIFT_EMIT_LOC_STRINGS = NO;
				SWIFT_VERSION = 5.0;
				TARGETED_DEVICE_FAMILY = "1,2,7";
				TEST_TARGET_NAME = Ballog;
				XROS_DEPLOYMENT_TARGET = 2.5;
			};
			name = Debug;
		};
		235B0A712E1D68C000EF9DDD /* Release */ = {
			isa = XCBuildConfiguration;
			buildSettings = {
				CODE_SIGN_STYLE = Automatic;
				CURRENT_PROJECT_VERSION = 1;
				DEAD_CODE_STRIPPING = YES;
				GENERATE_INFOPLIST_FILE = YES;
				IPHONEOS_DEPLOYMENT_TARGET = 18.5;
				MACOSX_DEPLOYMENT_TARGET = 15.5;
				MARKETING_VERSION = 1.0;
				PRODUCT_BUNDLE_IDENTIFIER = com.ballog.BallogUITests;
				PRODUCT_NAME = "$(TARGET_NAME)";
				SDKROOT = auto;
				SUPPORTED_PLATFORMS = "iphoneos iphonesimulator macosx xros xrsimulator";
				SWIFT_EMIT_LOC_STRINGS = NO;
				SWIFT_VERSION = 5.0;
				TARGETED_DEVICE_FAMILY = "1,2,7";
				TEST_TARGET_NAME = Ballog;
				XROS_DEPLOYMENT_TARGET = 2.5;
			};
			name = Release;
		};
/* End XCBuildConfiguration section */

/* Begin XCConfigurationList section */
		235B0A402E1D68BF00EF9DDD /* Build configuration list for PBXProject "Ballog" */ = {
			isa = XCConfigurationList;
			buildConfigurations = (
				235B0A672E1D68C000EF9DDD /* Debug */,
				235B0A682E1D68C000EF9DDD /* Release */,
			);
			defaultConfigurationIsVisible = 0;
			defaultConfigurationName = Release;
		};
		235B0A692E1D68C000EF9DDD /* Build configuration list for PBXNativeTarget "Ballog" */ = {
			isa = XCConfigurationList;
			buildConfigurations = (
				235B0A6A2E1D68C000EF9DDD /* Debug */,
				235B0A6B2E1D68C000EF9DDD /* Release */,
			);
			defaultConfigurationIsVisible = 0;
			defaultConfigurationName = Release;
		};
		235B0A6C2E1D68C000EF9DDD /* Build configuration list for PBXNativeTarget "BallogTests" */ = {
			isa = XCConfigurationList;
			buildConfigurations = (
				235B0A6D2E1D68C000EF9DDD /* Debug */,
				235B0A6E2E1D68C000EF9DDD /* Release */,
			);
			defaultConfigurationIsVisible = 0;
			defaultConfigurationName = Release;
		};
		235B0A6F2E1D68C000EF9DDD /* Build configuration list for PBXNativeTarget "BallogUITests" */ = {
			isa = XCConfigurationList;
			buildConfigurations = (
				235B0A702E1D68C000EF9DDD /* Debug */,
				235B0A712E1D68C000EF9DDD /* Release */,
			);
			defaultConfigurationIsVisible = 0;
			defaultConfigurationName = Release;
		};
/* End XCConfigurationList section */

/* Begin XCRemoteSwiftPackageReference section */
/* End XCRemoteSwiftPackageReference section */

/* Begin XCSwiftPackageProductDependency section */
/* End XCSwiftPackageProductDependency section */
	};
	rootObject = 235B0A3D2E1D68BF00EF9DDD /* Project object */;
}
